
Microsoft Visual Studio Solution File, Format Version 12.00
# Visual Studio Version 17
VisualStudioVersion = 17.9.34728.123
MinimumVisualStudioVersion = 10.0.40219.1
Project("{9A19103F-16F7-4668-BE54-9A1E7A4F7556}") = "nova-log.core", "nova-log\nova-log.core.csproj", "{B1C155BE-04B4-477A-86E8-B3DF093DE62E}"
EndProject
Project("{FAE04EC0-301F-11D3-BF4B-00C04F79EFBC}") = "nova-log.api", "nova-log.api\nova-log.api.csproj", "{4330E26F-7FD3-4562-B207-A902731E08D2}"
EndProject
Global
	GlobalSection(SolutionConfigurationPlatforms) = preSolution
		Debug|Any CPU = Debug|Any CPU
		Release|Any CPU = Release|Any CPU
	EndGlobalSection
	GlobalSection(ProjectConfigurationPlatforms) = postSolution
		{B1C155BE-04B4-477A-86E8-B3DF093DE62E}.Debug|Any CPU.ActiveCfg = Debug|Any CPU
		{B1C155BE-04B4-477A-86E8-B3DF093DE62E}.Debug|Any CPU.Build.0 = Debug|Any CPU
		{B1C155BE-04B4-477A-86E8-B3DF093DE62E}.Release|Any CPU.ActiveCfg = Release|Any CPU
		{B1C155BE-04B4-477A-86E8-B3DF093DE62E}.Release|Any CPU.Build.0 = Release|Any CPU
		{4330E26F-7FD3-4562-B207-A902731E08D2}.Debug|Any CPU.ActiveCfg = Debug|Any CPU
		{4330E26F-7FD3-4562-B207-A902731E08D2}.Debug|Any CPU.Build.0 = Debug|Any CPU
		{4330E26F-7FD3-4562-B207-A902731E08D2}.Release|Any CPU.ActiveCfg = Release|Any CPU
		{4330E26F-7FD3-4562-B207-A902731E08D2}.Release|Any CPU.Build.0 = Release|Any CPU
	EndGlobalSection
	GlobalSection(SolutionProperties) = preSolution
		HideSolutionNode = FALSE
	EndGlobalSection
	GlobalSection(ExtensibilityGlobals) = postSolution
		SolutionGuid = {D2EC44E1-5782-4AFB-81F9-DA24865F89BD}
	EndGlobalSection
EndGlobal
